
Microsoft Visual Studio Solution File, Format Version 12.00
# Visual Studio Version 17
VisualStudioVersion = 17.4.33403.182
MinimumVisualStudioVersion = 10.0.40219.1
Project("{9A19103F-16F7-4668-BE54-9A1E7A4F7556}") = "BethanysPieShopHRM.Shared", "BethanysPieShopHRM.Shared\BethanysPieShopHRM.Shared.csproj", "{15BF4B84-45A9-42D5-AE37-03D753CC8BF8}"
EndProject
Project("{9A19103F-16F7-4668-BE54-9A1E7A4F7556}") = "BethanysPieShopHRM.Api", "BethanysPieShopHRM.Api\BethanysPieShopHRM.Api.csproj", "{E41D2A7F-4679-40CA-9718-F3D278104C65}"
EndProject
Project("{9A19103F-16F7-4668-BE54-9A1E7A4F7556}") = "BethanysPieShopHRM.App", "BethanysPieShopHRM.App\BethanysPieShopHRM.App.csproj", "{5990AFF1-1D5C-4DAC-BBF5-AAE150B71F36}"
EndProject
Project("{FAE04EC0-301F-11D3-BF4B-00C04F79EFBC}") = "BethanysPieShopHRM.ComponentsLibrary", "BethanysPieShopHRM.ComponentsLibrary\BethanysPieShopHRM.ComponentsLibrary.csproj", "{6151ED21-2301-4284-AF37-861FA925EEFD}"
EndProject
Project("{9A19103F-16F7-4668-BE54-9A1E7A4F7556}") = "BethanysPieShopHRM.Tests", "BethanysPieShopHRM.Tests\BethanysPieShopHRM.Tests.csproj", "{5FFBA4C3-D636-4AE6-B2A0-8B41BDF64F0D}"
EndProject
Global
	GlobalSection(SolutionConfigurationPlatforms) = preSolution
		Debug|Any CPU = Debug|Any CPU
		Release|Any CPU = Release|Any CPU
	EndGlobalSection
	GlobalSection(ProjectConfigurationPlatforms) = postSolution
		{15BF4B84-45A9-42D5-AE37-03D753CC8BF8}.Debug|Any CPU.ActiveCfg = Debug|Any CPU
		{15BF4B84-45A9-42D5-AE37-03D753CC8BF8}.Debug|Any CPU.Build.0 = Debug|Any CPU
		{15BF4B84-45A9-42D5-AE37-03D753CC8BF8}.Release|Any CPU.ActiveCfg = Release|Any CPU
		{15BF4B84-45A9-42D5-AE37-03D753CC8BF8}.Release|Any CPU.Build.0 = Release|Any CPU
		{E41D2A7F-4679-40CA-9718-F3D278104C65}.Debug|Any CPU.ActiveCfg = Debug|Any CPU
		{E41D2A7F-4679-40CA-9718-F3D278104C65}.Debug|Any CPU.Build.0 = Debug|Any CPU
		{E41D2A7F-4679-40CA-9718-F3D278104C65}.Release|Any CPU.ActiveCfg = Release|Any CPU
		{E41D2A7F-4679-40CA-9718-F3D278104C65}.Release|Any CPU.Build.0 = Release|Any CPU
		{5990AFF1-1D5C-4DAC-BBF5-AAE150B71F36}.Debug|Any CPU.ActiveCfg = Debug|Any CPU
		{5990AFF1-1D5C-4DAC-BBF5-AAE150B71F36}.Debug|Any CPU.Build.0 = Debug|Any CPU
		{5990AFF1-1D5C-4DAC-BBF5-AAE150B71F36}.Release|Any CPU.ActiveCfg = Release|Any CPU
		{5990AFF1-1D5C-4DAC-BBF5-AAE150B71F36}.Release|Any CPU.Build.0 = Release|Any CPU
		{6151ED21-2301-4284-AF37-861FA925EEFD}.Debug|Any CPU.ActiveCfg = Debug|Any CPU
		{6151ED21-2301-4284-AF37-861FA925EEFD}.Debug|Any CPU.Build.0 = Debug|Any CPU
		{6151ED21-2301-4284-AF37-861FA925EEFD}.Release|Any CPU.ActiveCfg = Release|Any CPU
		{6151ED21-2301-4284-AF37-861FA925EEFD}.Release|Any CPU.Build.0 = Release|Any CPU
		{5FFBA4C3-D636-4AE6-B2A0-8B41BDF64F0D}.Debug|Any CPU.ActiveCfg = Debug|Any CPU
		{5FFBA4C3-D636-4AE6-B2A0-8B41BDF64F0D}.Debug|Any CPU.Build.0 = Debug|Any CPU
		{5FFBA4C3-D636-4AE6-B2A0-8B41BDF64F0D}.Release|Any CPU.ActiveCfg = Release|Any CPU
		{5FFBA4C3-D636-4AE6-B2A0-8B41BDF64F0D}.Release|Any CPU.Build.0 = Release|Any CPU
	EndGlobalSection
	GlobalSection(SolutionProperties) = preSolution
		HideSolutionNode = FALSE
	EndGlobalSection
	GlobalSection(ExtensibilityGlobals) = postSolution
		SolutionGuid = {38884654-E392-47E5-AB27-AA760B7F5302}
	EndGlobalSection
EndGlobal
